
Microsoft Visual Studio Solution File, Format Version 12.00
# Visual Studio Version 17
VisualStudioVersion = 17.7.34009.444
MinimumVisualStudioVersion = 10.0.40219.1
Project("{FAE04EC0-301F-11D3-BF4B-00C04F79EFBC}") = "pjVentas", "pjVentas\pjVentas.csproj", "{2A361571-5988-4105-B7F3-26F43B158D40}"
EndProject
Global
	GlobalSection(SolutionConfigurationPlatforms) = preSolution
		Debug|Any CPU = Debug|Any CPU
		Release|Any CPU = Release|Any CPU
	EndGlobalSection
	GlobalSection(ProjectConfigurationPlatforms) = postSolution
		{2A361571-5988-4105-B7F3-26F43B158D40}.Debug|Any CPU.ActiveCfg = Debug|Any CPU
		{2A361571-5988-4105-B7F3-26F43B158D40}.Debug|Any CPU.Build.0 = Debug|Any CPU
		{2A361571-5988-4105-B7F3-26F43B158D40}.Release|Any CPU.ActiveCfg = Release|Any CPU
		{2A361571-5988-4105-B7F3-26F43B158D40}.Release|Any CPU.Build.0 = Release|Any CPU
	EndGlobalSection
	GlobalSection(SolutionProperties) = preSolution
		HideSolutionNode = FALSE
	EndGlobalSection
	GlobalSection(ExtensibilityGlobals) = postSolution
		SolutionGuid = {E6FABAC7-5C30-4F71-8A0F-23C6C1FCD424}
	EndGlobalSection
EndGlobal
